
Microsoft Visual Studio Solution File, Format Version 12.00
# Visual Studio Version 17
VisualStudioVersion = 17.1.32407.343
MinimumVisualStudioVersion = 10.0.40219.1
Project("{FAE04EC0-301F-11D3-BF4B-00C04F79EFBC}") = "BlazorApp1.Server", "BlazorApp1\Server\BlazorApp1.Server.csproj", "{8D02C013-AA06-47BA-8F38-1209F5BC98DF}"
EndProject
Project("{FAE04EC0-301F-11D3-BF4B-00C04F79EFBC}") = "BlazorApp1.Client", "BlazorApp1\Client\BlazorApp1.Client.csproj", "{19E4EE09-5FCD-45CE-950A-BA49F5EC5F15}"
EndProject
Project("{FAE04EC0-301F-11D3-BF4B-00C04F79EFBC}") = "BlazorApp1.Shared", "BlazorApp1\Shared\BlazorApp1.Shared.csproj", "{A7820661-4191-435B-BE78-61E6884170AF}"
EndProject
Global
	GlobalSection(SolutionConfigurationPlatforms) = preSolution
		Debug|Any CPU = Debug|Any CPU
		Release|Any CPU = Release|Any CPU
	EndGlobalSection
	GlobalSection(ProjectConfigurationPlatforms) = postSolution
		{8D02C013-AA06-47BA-8F38-1209F5BC98DF}.Debug|Any CPU.ActiveCfg = Debug|Any CPU
		{8D02C013-AA06-47BA-8F38-1209F5BC98DF}.Debug|Any CPU.Build.0 = Debug|Any CPU
		{8D02C013-AA06-47BA-8F38-1209F5BC98DF}.Release|Any CPU.ActiveCfg = Release|Any CPU
		{8D02C013-AA06-47BA-8F38-1209F5BC98DF}.Release|Any CPU.Build.0 = Release|Any CPU
		{19E4EE09-5FCD-45CE-950A-BA49F5EC5F15}.Debug|Any CPU.ActiveCfg = Debug|Any CPU
		{19E4EE09-5FCD-45CE-950A-BA49F5EC5F15}.Debug|Any CPU.Build.0 = Debug|Any CPU
		{19E4EE09-5FCD-45CE-950A-BA49F5EC5F15}.Release|Any CPU.ActiveCfg = Release|Any CPU
		{19E4EE09-5FCD-45CE-950A-BA49F5EC5F15}.Release|Any CPU.Build.0 = Release|Any CPU
		{A7820661-4191-435B-BE78-61E6884170AF}.Debug|Any CPU.ActiveCfg = Debug|Any CPU
		{A7820661-4191-435B-BE78-61E6884170AF}.Debug|Any CPU.Build.0 = Debug|Any CPU
		{A7820661-4191-435B-BE78-61E6884170AF}.Release|Any CPU.ActiveCfg = Release|Any CPU
		{A7820661-4191-435B-BE78-61E6884170AF}.Release|Any CPU.Build.0 = Release|Any CPU
	EndGlobalSection
	GlobalSection(SolutionProperties) = preSolution
		HideSolutionNode = FALSE
	EndGlobalSection
	GlobalSection(ExtensibilityGlobals) = postSolution
		SolutionGuid = {CEED2240-EA70-4DFA-97F4-63C23BA5F2CF}
	EndGlobalSection
EndGlobal
